
Microsoft Visual Studio Solution File, Format Version 12.00
# Visual Studio 2013
Project("{FAE04EC0-301F-11D3-BF4B-00C04F79EFBC}") = "WpfApplication1", "WpfApplication1\WpfApplication1.csproj", "{2ce3e73f-298e-487a-9ed9-6d7b40c18dc1}"
EndProject
Global
	GlobalSection(SolutionConfigurationPlatforms) = preSolution
		Debug|Any CPU = Debug|Any CPU
		Release|Any CPU = Release|Any CPU
	EndGlobalSection
	GlobalSection(ProjectConfigurationPlatforms) = postSolution
		{2CE3E73F-298E-487A-9ED9-6D7B40C18DC1}.Debug|Any CPU.ActiveCfg = Debug|Any CPU
		{2CE3E73F-298E-487A-9ED9-6D7B40C18DC1}.Debug|Any CPU.Build.0 = Debug|Any CPU
		{2CE3E73F-298E-487A-9ED9-6D7B40C18DC1}.Release|Any CPU.ActiveCfg = Release|Any CPU
		{2CE3E73F-298E-487A-9ED9-6D7B40C18DC1}.Release|Any CPU.Build.0 = Release|Any CPU
	EndGlobalSection
EndGlobal
